
Microsoft Visual Studio Solution File, Format Version 11.00
# Visual Studio 2010
Project("{FAE04EC0-301F-11D3-BF4B-00C04F79EFBC}") = "outfit-game", "Assembly-CSharp.csproj", "{EC2E14E1-9D2A-AD0E-670F-33F84825F79B}"
EndProject
Global
	GlobalSection(SolutionConfigurationPlatforms) = preSolution
		Debug|Any CPU = Debug|Any CPU
		Release|Any CPU = Release|Any CPU
	EndGlobalSection
	GlobalSection(ProjectConfigurationPlatforms) = postSolution
		{EC2E14E1-9D2A-AD0E-670F-33F84825F79B}.Debug|Any CPU.ActiveCfg = Debug|Any CPU
		{EC2E14E1-9D2A-AD0E-670F-33F84825F79B}.Debug|Any CPU.Build.0 = Debug|Any CPU
		{EC2E14E1-9D2A-AD0E-670F-33F84825F79B}.Release|Any CPU.ActiveCfg = Release|Any CPU
		{EC2E14E1-9D2A-AD0E-670F-33F84825F79B}.Release|Any CPU.Build.0 = Release|Any CPU
	EndGlobalSection
	GlobalSection(SolutionProperties) = preSolution
		HideSolutionNode = FALSE
	EndGlobalSection
	GlobalSection(MonoDevelopProperties) = preSolution
		StartupItem = Assembly-CSharp.csproj
	EndGlobalSection
EndGlobal
